
Microsoft Visual Studio Solution File, Format Version 12.00
# Visual Studio Version 17
VisualStudioVersion = 17.2.32526.322
MinimumVisualStudioVersion = 10.0.40219.1
Project("{FAE04EC0-301F-11D3-BF4B-00C04F79EFBC}") = "ConsoleAppTask22", "ConsoleAppTask22\ConsoleAppTask22.csproj", "{5952492C-4F09-405C-A297-1B8C4BCBB750}"
EndProject
Global
	GlobalSection(SolutionConfigurationPlatforms) = preSolution
		Debug|Any CPU = Debug|Any CPU
		Release|Any CPU = Release|Any CPU
	EndGlobalSection
	GlobalSection(ProjectConfigurationPlatforms) = postSolution
		{5952492C-4F09-405C-A297-1B8C4BCBB750}.Debug|Any CPU.ActiveCfg = Debug|Any CPU
		{5952492C-4F09-405C-A297-1B8C4BCBB750}.Debug|Any CPU.Build.0 = Debug|Any CPU
		{5952492C-4F09-405C-A297-1B8C4BCBB750}.Release|Any CPU.ActiveCfg = Release|Any CPU
		{5952492C-4F09-405C-A297-1B8C4BCBB750}.Release|Any CPU.Build.0 = Release|Any CPU
	EndGlobalSection
	GlobalSection(SolutionProperties) = preSolution
		HideSolutionNode = FALSE
	EndGlobalSection
	GlobalSection(ExtensibilityGlobals) = postSolution
		SolutionGuid = {6BA61CA2-F831-42A5-8B2A-D1266B404DE0}
	EndGlobalSection
EndGlobal
